dependencies:
- name: kube-prometheus-stack
  repository: https://prometheus-community.github.io/helm-charts
  version: 45.0.0
- name: loki
  repository: https://grafana.github.io/helm-charts
  version: 2.5.0
digest: sha256:4576a3cc079bd76318d005eb6c2032c7b34919a1b9e104bd469e04a876e468dd
generated: "2025-02-14T08:46:02.0418673+01:00"
